// !$*UTF8*$!
{
	archiveVersion = 1;
	classes = {
	};
	objectVersion = 46;
	objects = {

/* Begin PBXBuildFile section */
		E060FCF61A873E99006F7323 /* AppDelegate.swift in Sources */ = {isa = PBXBuildFile; fileRef = E060FCF51A873E99006F7323 /* AppDelegate.swift */; };
		E060FCF81A873E99006F7323 /* ViewController.swift in Sources */ = {isa = PBXBuildFile; fileRef = E060FCF71A873E99006F7323 /* ViewController.swift */; };
		E060FCFB1A873E99006F7323 /* Main.storyboard in Resources */ = {isa = PBXBuildFile; fileRef = E060FCF91A873E99006F7323 /* Main.storyboard */; };
		E060FCFD1A873E99006F7323 /* Images.xcassets in Resources */ = {isa = PBXBuildFile; fileRef = E060FCFC1A873E99006F7323 /* Images.xcassets */; };
		E060FD001A873E99006F7323 /* LaunchScreen.xib in Resources */ = {isa = PBXBuildFile; fileRef = E060FCFE1A873E99006F7323 /* LaunchScreen.xib */; };
		E060FD0C1A873E9A006F7323 /* HelloWorldSwiftTests.swift in Sources */ = {isa = PBXBuildFile; fileRef = E060FD0B1A873E9A006F7323 /* HelloWorldSwiftTests.swift */; };
/* End PBXBuildFile section */

/* Begin PBXContainerItemProxy section */
		E060FD061A873E9A006F7323 /* PBXContainerItemProxy */ = {
			isa = PBXContainerItemProxy;
			containerPortal = E060FCE81A873E99006F7323 /* Project object */;
			proxyType = 1;
			remoteGlobalIDString = E060FCEF1A873E99006F7323;
			remoteInfo = HelloWorldSwift;
		};
/* End PBXContainerItemProxy section */

/* Begin PBXFileReference section */
		E060FCF01A873E99006F7323 /* HelloWorldSwift.app */ = {isa = PBXFileReference; explicitFileType = wrapper.application; includeInIndex = 0; path = HelloWorldSwift.app; sourceTree = BUILT_PRODUCTS_DIR; };
		E060FCF41A873E99006F7323 /* Info.plist */ = {isa = PBXFileReference; lastKnownFileType = text.plist.xml; path = Info.plist; sourceTree = "<group>"; };
		E060FCF51A873E99006F7323 /* AppDelegate.swift */ = {isa = PBXFileReference; lastKnownFileType = sourcecode.swift; path = AppDelegate.swift; sourceTree = "<group>"; };
		E060FCF71A873E99006F7323 /* ViewController.swift */ = {isa = PBXFileReference; lastKnownFileType = sourcecode.swift; path = ViewController.swift; sourceTree = "<group>"; };
		E060FCFA1A873E99006F7323 /* Base */ = {isa = PBXFileReference; lastKnownFileType = file.storyboard; name = Base; path = Base.lproj/Main.storyboard; sourceTree = "<group>"; };
		E060FCFC1A873E99006F7323 /* Images.xcassets */ = {isa = PBXFileReference; lastKnownFileType = folder.assetcatalog; path = Images.xcassets; sourceTree = "<group>"; };
		E060FCFF1A873E99006F7323 /* Base */ = {isa = PBXFileReference; lastKnownFileType = file.xib; name = Base; path = Base.lproj/LaunchScreen.xib; sourceTree = "<group>"; };
		E060FD051A873E9A006F7323 /* HelloWorldSwiftTests.xctest */ = {isa = PBXFileReference; explicitFileType = wrapper.cfbundle; includeInIndex = 0; path = HelloWorldSwiftTests.xctest; sourceTree = BUILT_PRODUCTS_DIR; };
		E060FD0A1A873E9A006F7323 /* Info.plist */ = {isa = PBXFileReference; lastKnownFileType = text.plist.xml; path = Info.plist; sourceTree = "<group>"; };
		E060FD0B1A873E9A006F7323 /* HelloWorldSwiftTests.swift */ = {isa = PBXFileReference; lastKnownFileType = sourcecode.swift; path = HelloWorldSwiftTests.swift; sourceTree = "<group>"; };
/* End PBXFileReference section */

/* Begin PBXFrameworksBuildPhase section */
		E060FCED1A873E99006F7323 /* Frameworks */ = {
			isa = PBXFrameworksBuildPhase;
			buildActionMask = 2147483647;
			files = (
			);
			runOnlyForDeploymentPostprocessing = 0;
		};
		E060FD021A873E9A006F7323 /* Frameworks */ = {
			isa = PBXFrameworksBuildPhase;
			buildActionMask = 2147483647;
			files = (
			);
			runOnlyForDeploymentPostprocessing = 0;
		};
/* End PBXFrameworksBuildPhase section */

/* Begin PBXGroup section */
		E060FCE71A873E99006F7323 = {
			isa = PBXGroup;
			children = (
				E060FCF21A873E99006F7323 /* HelloWorldSwift */,
				E060FD081A873E9A006F7323 /* HelloWorldSwiftTests */,
				E060FCF11A873E99006F7323 /* Products */,
			);
			sourceTree = "<group>";
		};
		E060FCF11A873E99006F7323 /* Products */ = {
			isa = PBXGroup;
			children = (
				E060FCF01A873E99006F7323 /* HelloWorldSwift.app */,
				E060FD051A873E9A006F7323 /* HelloWorldSwiftTests.xctest */,
			);
			name = Products;
			sourceTree = "<group>";
		};
		E060FCF21A873E99006F7323 /* HelloWorldSwift */ = {
			isa = PBXGroup;
			children = (
				E060FCF51A873E99006F7323 /* AppDelegate.swift */,
				E060FCF71A873E99006F7323 /* ViewController.swift */,
				E060FCF91A873E99006F7323 /* Main.storyboard */,
				E060FCFC1A873E99006F7323 /* Images.xcassets */,
				E060FCFE1A873E99006F7323 /* LaunchScreen.xib */,
				E060FCF31A873E99006F7323 /* Supporting Files */,
			);
			path = HelloWorldSwift;
			sourceTree = "<group>";
		};
		E060FCF31A873E99006F7323 /* Supporting Files */ = {
			isa = PBXGroup;
			children = (
				E060FCF41A873E99006F7323 /* Info.plist */,
			);
			name = "Supporting Files";
			sourceTree = "<group>";
		};
		E060FD081A873E9A006F7323 /* HelloWorldSwiftTests */ = {
			isa = PBXGroup;
			children = (
				E060FD0B1A873E9A006F7323 /* HelloWorldSwiftTests.swift */,
				E060FD091A873E9A006F7323 /* Supporting Files */,
			);
			path = HelloWorldSwiftTests;
			sourceTree = "<group>";
		};
		E060FD091A873E9A006F7323 /* Supporting Files */ = {
			isa = PBXGroup;
			children = (
				E060FD0A1A873E9A006F7323 /* Info.plist */,
			);
			name = "Supporting Files";
			sourceTree = "<group>";
		};
/* End PBXGroup section */

/* Begin PBXNativeTarget section */
		E060FCEF1A873E99006F7323 /* HelloWorldSwift */ = {
			isa = PBXNativeTarget;
			buildConfigurationList = E060FD0F1A873E9A006F7323 /* Build configuration list for PBXNativeTarget "HelloWorldSwift" */;
			buildPhases = (
				E060FCEC1A873E99006F7323 /* Sources */,
				E060FCED1A873E99006F7323 /* Frameworks */,
				E060FCEE1A873E99006F7323 /* Resources */,
			);
			buildRules = (
			);
			dependencies = (
			);
			name = HelloWorldSwift;
			productName = HelloWorldSwift;
			productReference = E060FCF01A873E99006F7323 /* HelloWorldSwift.app */;
			productType = "com.apple.product-type.application";
		};
		E060FD041A873E9A006F7323 /* HelloWorldSwiftTests */ = {
			isa = PBXNativeTarget;
			buildConfigurationList = E060FD121A873E9A006F7323 /* Build configuration list for PBXNativeTarget "HelloWorldSwiftTests" */;
			buildPhases = (
				E060FD011A873E9A006F7323 /* Sources */,
				E060FD021A873E9A006F7323 /* Frameworks */,
				E060FD031A873E9A006F7323 /* Resources */,
			);
			buildRules = (
			);
			dependencies = (
				E060FD071A873E9A006F7323 /* PBXTargetDependency */,
			);
			name = HelloWorldSwiftTests;
			productName = HelloWorldSwiftTests;
			productReference = E060FD051A873E9A006F7323 /* HelloWorldSwiftTests.xctest */;
			productType = "com.apple.product-type.bundle.unit-test";
		};
/* End PBXNativeTarget section */

/* Begin PBXProject section */
		E060FCE81A873E99006F7323 /* Project object */ = {
			isa = PBXProject;
			attributes = {
				LastUpgradeCheck = 0610;
				ORGANIZATIONNAME = themrkevin;
				TargetAttributes = {
					E060FCEF1A873E99006F7323 = {
						CreatedOnToolsVersion = 6.1.1;
					};
					E060FD041A873E9A006F7323 = {
						CreatedOnToolsVersion = 6.1.1;
						TestTargetID = E060FCEF1A873E99006F7323;
					};
				};
			};
			buildConfigurationList = E060FCEB1A873E99006F7323 /* Build configuration list for PBXProject "HelloWorldSwift" */;
			compatibilityVersion = "Xcode 3.2";
			developmentRegion = English;
			hasScannedForEncodings = 0;
			knownRegions = (
				en,
				Base,
			);
			mainGroup = E060FCE71A873E99006F7323;
			productRefGroup = E060FCF11A873E99006F7323 /* Products */;
			projectDirPath = "";
			projectRoot = "";
			targets = (
				E060FCEF1A873E99006F7323 /* HelloWorldSwift */,
				E060FD041A873E9A006F7323 /* HelloWorldSwiftTests */,
			);
		};
/* End PBXProject section */

/* Begin PBXResourcesBuildPhase section */
		E060FCEE1A873E99006F7323 /* Resources */ = {
			isa = PBXResourcesBuildPhase;
			buildActionMask = 2147483647;
			files = (
				E060FCFB1A873E99006F7323 /* Main.storyboard in Resources */,
				E060FD001A873E99006F7323 /* LaunchScreen.xib in Resources */,
				E060FCFD1A873E99006F7323 /* Images.xcassets in Resources */,
			);
			runOnlyForDeploymentPostprocessing = 0;
		};
		E060FD031A873E9A006F7323 /* Resources */ = {
			isa = PBXResourcesBuildPhase;
			buildActionMask = 2147483647;
			files = (
			);
			runOnlyForDeploymentPostprocessing = 0;
		};
/* End PBXResourcesBuildPhase section */

/* Begin PBXSourcesBuildPhase section */
		E060FCEC1A873E99006F7323 /* Sources */ = {
			isa = PBXSourcesBuildPhase;
			buildActionMask = 2147483647;
			files = (
				E060FCF81A873E99006F7323 /* ViewController.swift in Sources */,
				E060FCF61A873E99006F7323 /* AppDelegate.swift in Sources */,
			);
			runOnlyForDeploymentPostprocessing = 0;
		};
		E060FD011A873E9A006F7323 /* Sources */ = {
			isa = PBXSourcesBuildPhase;
			buildActionMask = 2147483647;
			files = (
				E060FD0C1A873E9A006F7323 /* HelloWorldSwiftTests.swift in Sources */,
			);
			runOnlyForDeploymentPostprocessing = 0;
		};
/* End PBXSourcesBuildPhase section */

/* Begin PBXTargetDependency section */
		E060FD071A873E9A006F7323 /* PBXTargetDependency */ = {
			isa = PBXTargetDependency;
			target = E060FCEF1A873E99006F7323 /* HelloWorldSwift */;
			targetProxy = E060FD061A873E9A006F7323 /* PBXContainerItemProxy */;
		};
/* End PBXTargetDependency section */

/* Begin PBXVariantGroup section */
		E060FCF91A873E99006F7323 /* Main.storyboard */ = {
			isa = PBXVariantGroup;
			children = (
				E060FCFA1A873E99006F7323 /* Base */,
			);
			name = Main.storyboard;
			sourceTree = "<group>";
		};
		E060FCFE1A873E99006F7323 /* LaunchScreen.xib */ = {
			isa = PBXVariantGroup;
			children = (
				E060FCFF1A873E99006F7323 /* Base */,
			);
			name = LaunchScreen.xib;
			sourceTree = "<group>";
		};
/* End PBXVariantGroup section */

/* Begin XCBuildConfiguration section */
		E060FD0D1A873E9A006F7323 /* Debug */ = {
			isa = XCBuildConfiguration;
			buildSettings = {
				ALWAYS_SEARCH_USER_PATHS = NO;
				CLANG_CXX_LANGUAGE_STANDARD = "gnu++0x";
				CLANG_CXX_LIBRARY = "libc++";
				CLANG_ENABLE_MODULES = YES;
				CLANG_ENABLE_OBJC_ARC = YES;
				CLANG_WARN_BOOL_CONVERSION = YES;
				CLANG_WARN_CONSTANT_CONVERSION = YES;
				CLANG_WARN_DIRECT_OBJC_ISA_USAGE = YES_ERROR;
				CLANG_WARN_EMPTY_BODY = YES;
				CLANG_WARN_ENUM_CONVERSION = YES;
				CLANG_WARN_INT_CONVERSION = YES;
				CLANG_WARN_OBJC_ROOT_CLASS = YES_ERROR;
				CLANG_WARN_UNREACHABLE_CODE = YES;
				CLANG_WARN__DUPLICATE_METHOD_MATCH = YES;
				"CODE_SIGN_IDENTITY[sdk=iphoneos*]" = "iPhone Developer";
				COPY_PHASE_STRIP = NO;
				ENABLE_STRICT_OBJC_MSGSEND = YES;
				GCC_C_LANGUAGE_STANDARD = gnu99;
				GCC_DYNAMIC_NO_PIC = NO;
				GCC_OPTIMIZATION_LEVEL = 0;
				GCC_PREPROCESSOR_DEFINITIONS = (
					"DEBUG=1",
					"$(inherited)",
				);
				GCC_SYMBOLS_PRIVATE_EXTERN = NO;
				GCC_WARN_64_TO_32_BIT_CONVERSION = YES;
				GCC_WARN_ABOUT_RETURN_TYPE = YES_ERROR;
				GCC_WARN_UNDECLARED_SELECTOR = YES;
				GCC_WARN_UNINITIALIZED_AUTOS = YES_AGGRESSIVE;
				GCC_WARN_UNUSED_FUNCTION = YES;
				GCC_WARN_UNUSED_VARIABLE = YES;
				IPHONEOS_DEPLOYMENT_TARGET = 8.1;
				MTL_ENABLE_DEBUG_INFO = YES;
				ONLY_ACTIVE_ARCH = YES;
				SDKROOT = iphoneos;
				SWIFT_OPTIMIZATION_LEVEL = "-Onone";
			};
			name = Debug;
		};
		E060FD0E1A873E9A006F7323 /* Release */ = {
			isa = XCBuildConfiguration;
			buildSettings = {
				ALWAYS_SEARCH_USER_PATHS = NO;
				CLANG_CXX_LANGUAGE_STANDARD = "gnu++0x";
				CLANG_CXX_LIBRARY = "libc++";
				CLANG_ENABLE_MODULES = YES;
				CLANG_ENABLE_OBJC_ARC = YES;
				CLANG_WARN_BOOL_CONVERSION = YES;
				CLANG_WARN_CONSTANT_CONVERSION = YES;
				CLANG_WARN_DIRECT_OBJC_ISA_USAGE = YES_ERROR;
				CLANG_WARN_EMPTY_BODY = YES;
				CLANG_WARN_ENUM_CONVERSION = YES;
				CLANG_WARN_INT_CONVERSION = YES;
				CLANG_WARN_OBJC_ROOT_CLASS = YES_ERROR;
				CLANG_WARN_UNREACHABLE_CODE = YES;
				CLANG_WARN__DUPLICATE_METHOD_MATCH = YES;
				"CODE_SIGN_IDENTITY[sdk=iphoneos*]" = "iPhone Developer";
				COPY_PHASE_STRIP = YES;
				ENABLE_NS_ASSERTIONS = NO;
				ENABLE_STRICT_OBJC_MSGSEND = YES;
				GCC_C_LANGUAGE_STANDARD = gnu99;
				GCC_WARN_64_TO_32_BIT_CONVERSION = YES;
				GCC_WARN_ABOUT_RETURN_TYPE = YES_ERROR;
				GCC_WARN_UNDECLARED_SELECTOR = YES;
				GCC_WARN_UNINITIALIZED_AUTOS = YES_AGGRESSIVE;
				GCC_WARN_UNUSED_FUNCTION = YES;
				GCC_WARN_UNUSED_VARIABLE = YES;
				IPHONEOS_DEPLOYMENT_TARGET = 8.1;
				MTL_ENABLE_DEBUG_INFO = NO;
				SDKROOT = iphoneos;
				VALIDATE_PRODUCT = YES;
			};
			name = Release;
		};
		E060FD101A873E9A006F7323 /* Debug */ = {
			isa = XCBuildConfiguration;
			buildSettings = {
				ASSETCATALOG_COMPILER_APPICON_NAME = AppIcon;
				INFOPLIST_FILE = HelloWorldSwift/Info.plist;
				LD_RUNPATH_SEARCH_PATHS = "$(inherited) @executable_path/Frameworks";
				PRODUCT_NAME = "$(TARGET_NAME)";
			};
			name = Debug;
		};
		E060FD111A873E9A006F7323 /* Release */ = {
			isa = XCBuildConfiguration;
			buildSettings = {
				ASSETCATALOG_COMPILER_APPICON_NAME = AppIcon;
				INFOPLIST_FILE = HelloWorldSwift/Info.plist;
				LD_RUNPATH_SEARCH_PATHS = "$(inherited) @executable_path/Frameworks";
				PRODUCT_NAME = "$(TARGET_NAME)";
			};
			name = Release;
		};
		E060FD131A873E9A006F7323 /* Debug */ = {
			isa = XCBuildConfiguration;
			buildSettings = {
				BUNDLE_LOADER = "$(TEST_HOST)";
				FRAMEWORK_SEARCH_PATHS = (
					"$(SDKROOT)/Developer/Library/Frameworks",
					"$(inherited)",
				);
				GCC_PREPROCESSOR_DEFINITIONS = (
					"DEBUG=1",
					"$(inherited)",
				);
				INFOPLIST_FILE = HelloWorldSwiftTests/Info.plist;
				LD_RUNPATH_SEARCH_PATHS = "$(inherited) @executable_path/Frameworks @loader_path/Frameworks";
				PRODUCT_NAME = "$(TARGET_NAME)";
				TEST_HOST = "$(BUILT_PRODUCTS_DIR)/HelloWorldSwift.app/HelloWorldSwift";
			};
			name = Debug;
		};
		E060FD141A873E9A006F7323 /* Release */ = {
			isa = XCBuildConfiguration;
			buildSettings = {
				BUNDLE_LOADER = "$(TEST_HOST)";
				FRAMEWORK_SEARCH_PATHS = (
					"$(SDKROOT)/Developer/Library/Frameworks",
					"$(inherited)",
				);
				INFOPLIST_FILE = HelloWorldSwiftTests/Info.plist;
				LD_RUNPATH_SEARCH_PATHS = "$(inherited) @executable_path/Frameworks @loader_path/Frameworks";
				PRODUCT_NAME = "$(TARGET_NAME)";
				TEST_HOST = "$(BUILT_PRODUCTS_DIR)/HelloWorldSwift.app/HelloWorldSwift";
			};
			name = Release;
		};
/* End XCBuildConfiguration section */

/* Begin XCConfigurationList section */
		E060FCEB1A873E99006F7323 /* Build configuration list for PBXProject "HelloWorldSwift" */ = {
			isa = XCConfigurationList;
			buildConfigurations = (
				E060FD0D1A873E9A006F7323 /* Debug */,
				E060FD0E1A873E9A006F7323 /* Release */,
			);
			defaultConfigurationIsVisible = 0;
			defaultConfigurationName = Release;
		};
		E060FD0F1A873E9A006F7323 /* Build configuration list for PBXNativeTarget "HelloWorldSwift" */ = {
			isa = XCConfigurationList;
			buildConfigurations = (
				E060FD101A873E9A006F7323 /* Debug */,
				E060FD111A873E9A006F7323 /* Release */,
			);
			defaultConfigurationIsVisible = 0;
		};
		E060FD121A873E9A006F7323 /* Build configuration list for PBXNativeTarget "HelloWorldSwiftTests" */ = {
			isa = XCConfigurationList;
			buildConfigurations = (
				E060FD131A873E9A006F7323 /* Debug */,
				E060FD141A873E9A006F7323 /* Release */,
			);
			defaultConfigurationIsVisible = 0;
		};
/* End XCConfigurationList section */
	};
	rootObject = E060FCE81A873E99006F7323 /* Project object */;
}
